// !$*UTF8*$!
{
	archiveVersion = 1;
	classes = {
	};
	objectVersion = 50;
	objects = {

/* Begin PBXBuildFile section */
		7B91663623627C5B0059F2B9 /* AppDelegate.swift in Sources */ = {isa = PBXBuildFile; fileRef = 7B91663523627C5B0059F2B9 /* AppDelegate.swift */; };
		7B91663823627C5B0059F2B9 /* SceneDelegate.swift in Sources */ = {isa = PBXBuildFile; fileRef = 7B91663723627C5B0059F2B9 /* SceneDelegate.swift */; };
		7B91663A23627C5B0059F2B9 /* ContentView.swift in Sources */ = {isa = PBXBuildFile; fileRef = 7B91663923627C5B0059F2B9 /* ContentView.swift */; };
		7B91663C23627C5D0059F2B9 /* Assets.xcassets in Resources */ = {isa = PBXBuildFile; fileRef = 7B91663B23627C5D0059F2B9 /* Assets.xcassets */; };
		7B91663F23627C5D0059F2B9 /* Preview Assets.xcassets in Resources */ = {isa = PBXBuildFile; fileRef = 7B91663E23627C5D0059F2B9 /* Preview Assets.xcassets */; };
		7B91664223627C5D0059F2B9 /* LaunchScreen.storyboard in Resources */ = {isa = PBXBuildFile; fileRef = 7B91664023627C5D0059F2B9 /* LaunchScreen.storyboard */; };
		7B91664D23627D060059F2B9 /* Helper.swift in Sources */ = {isa = PBXBuildFile; fileRef = 7B91664C23627D060059F2B9 /* Helper.swift */; };
		7B91665123627D320059F2B9 /* Menu.swift in Sources */ = {isa = PBXBuildFile; fileRef = 7B91664E23627D320059F2B9 /* Menu.swift */; };
		7B91665223627D320059F2B9 /* menu.json in Resources */ = {isa = PBXBuildFile; fileRef = 7B91664F23627D320059F2B9 /* menu.json */; };
		7B91665323627D320059F2B9 /* Order.swift in Sources */ = {isa = PBXBuildFile; fileRef = 7B91665023627D320059F2B9 /* Order.swift */; };
		7B916655236285A60059F2B9 /* ItemRow.swift in Sources */ = {isa = PBXBuildFile; fileRef = 7B916654236285A60059F2B9 /* ItemRow.swift */; };
		7B91665723628FFD0059F2B9 /* ItemDetail.swift in Sources */ = {isa = PBXBuildFile; fileRef = 7B91665623628FFD0059F2B9 /* ItemDetail.swift */; };
/* End PBXBuildFile section */

/* Begin PBXFileReference section */
		7B91663223627C5B0059F2B9 /* iDine.app */ = {isa = PBXFileReference; explicitFileType = wrapper.application; includeInIndex = 0; path = iDine.app; sourceTree = BUILT_PRODUCTS_DIR; };
		7B91663523627C5B0059F2B9 /* AppDelegate.swift */ = {isa = PBXFileReference; lastKnownFileType = sourcecode.swift; path = AppDelegate.swift; sourceTree = "<group>"; };
		7B91663723627C5B0059F2B9 /* SceneDelegate.swift */ = {isa = PBXFileReference; lastKnownFileType = sourcecode.swift; path = SceneDelegate.swift; sourceTree = "<group>"; };
		7B91663923627C5B0059F2B9 /* ContentView.swift */ = {isa = PBXFileReference; lastKnownFileType = sourcecode.swift; path = ContentView.swift; sourceTree = "<group>"; };
		7B91663B23627C5D0059F2B9 /* Assets.xcassets */ = {isa = PBXFileReference; lastKnownFileType = folder.assetcatalog; path = Assets.xcassets; sourceTree = "<group>"; };
		7B91663E23627C5D0059F2B9 /* Preview Assets.xcassets */ = {isa = PBXFileReference; lastKnownFileType = folder.assetcatalog; path = "Preview Assets.xcassets"; sourceTree = "<group>"; };
		7B91664123627C5D0059F2B9 /* Base */ = {isa = PBXFileReference; lastKnownFileType = file.storyboard; name = Base; path = Base.lproj/LaunchScreen.storyboard; sourceTree = "<group>"; };
		7B91664323627C5D0059F2B9 /* Info.plist */ = {isa = PBXFileReference; lastKnownFileType = text.plist.xml; path = Info.plist; sourceTree = "<group>"; };
		7B91664C23627D060059F2B9 /* Helper.swift */ = {isa = PBXFileReference; fileEncoding = 4; lastKnownFileType = sourcecode.swift; path = Helper.swift; sourceTree = "<group>"; };
		7B91664E23627D320059F2B9 /* Menu.swift */ = {isa = PBXFileReference; fileEncoding = 4; lastKnownFileType = sourcecode.swift; path = Menu.swift; sourceTree = "<group>"; };
		7B91664F23627D320059F2B9 /* menu.json */ = {isa = PBXFileReference; fileEncoding = 4; lastKnownFileType = text.json; path = menu.json; sourceTree = "<group>"; };
		7B91665023627D320059F2B9 /* Order.swift */ = {isa = PBXFileReference; fileEncoding = 4; lastKnownFileType = sourcecode.swift; path = Order.swift; sourceTree = "<group>"; };
		7B916654236285A60059F2B9 /* ItemRow.swift */ = {isa = PBXFileReference; lastKnownFileType = sourcecode.swift; path = ItemRow.swift; sourceTree = "<group>"; };
		7B91665623628FFD0059F2B9 /* ItemDetail.swift */ = {isa = PBXFileReference; lastKnownFileType = sourcecode.swift; path = ItemDetail.swift; sourceTree = "<group>"; };
/* End PBXFileReference section */

/* Begin PBXFrameworksBuildPhase section */
		7B91662F23627C5B0059F2B9 /* Frameworks */ = {
			isa = PBXFrameworksBuildPhase;
			buildActionMask = 2147483647;
			files = (
			);
			runOnlyForDeploymentPostprocessing = 0;
		};
/* End PBXFrameworksBuildPhase section */

/* Begin PBXGroup section */
		7B91662923627C5B0059F2B9 = {
			isa = PBXGroup;
			children = (
				7B91663423627C5B0059F2B9 /* iDine */,
				7B91663323627C5B0059F2B9 /* Products */,
			);
			sourceTree = "<group>";
		};
		7B91663323627C5B0059F2B9 /* Products */ = {
			isa = PBXGroup;
			children = (
				7B91663223627C5B0059F2B9 /* iDine.app */,
			);
			name = Products;
			sourceTree = "<group>";
		};
		7B91663423627C5B0059F2B9 /* iDine */ = {
			isa = PBXGroup;
			children = (
				7B91664A23627CDC0059F2B9 /* Models */,
				7B91664923627CC00059F2B9 /* Views */,
				7B91664B23627CE30059F2B9 /* Utils */,
				7B91663523627C5B0059F2B9 /* AppDelegate.swift */,
				7B91663723627C5B0059F2B9 /* SceneDelegate.swift */,
				7B91663B23627C5D0059F2B9 /* Assets.xcassets */,
				7B91664023627C5D0059F2B9 /* LaunchScreen.storyboard */,
				7B91664323627C5D0059F2B9 /* Info.plist */,
				7B91663D23627C5D0059F2B9 /* Preview Content */,
			);
			path = iDine;
			sourceTree = "<group>";
		};
		7B91663D23627C5D0059F2B9 /* Preview Content */ = {
			isa = PBXGroup;
			children = (
				7B91663E23627C5D0059F2B9 /* Preview Assets.xcassets */,
			);
			path = "Preview Content";
			sourceTree = "<group>";
		};
		7B91664923627CC00059F2B9 /* Views */ = {
			isa = PBXGroup;
			children = (
				7B91663923627C5B0059F2B9 /* ContentView.swift */,
				7B916654236285A60059F2B9 /* ItemRow.swift */,
				7B91665623628FFD0059F2B9 /* ItemDetail.swift */,
			);
			path = Views;
			sourceTree = "<group>";
		};
		7B91664A23627CDC0059F2B9 /* Models */ = {
			isa = PBXGroup;
			children = (
				7B91664F23627D320059F2B9 /* menu.json */,
				7B91664E23627D320059F2B9 /* Menu.swift */,
				7B91665023627D320059F2B9 /* Order.swift */,
			);
			path = Models;
			sourceTree = "<group>";
		};
		7B91664B23627CE30059F2B9 /* Utils */ = {
			isa = PBXGroup;
			children = (
				7B91664C23627D060059F2B9 /* Helper.swift */,
			);
			path = Utils;
			sourceTree = "<group>";
		};
/* End PBXGroup section */

/* Begin PBXNativeTarget section */
		7B91663123627C5B0059F2B9 /* iDine */ = {
			isa = PBXNativeTarget;
			buildConfigurationList = 7B91664623627C5D0059F2B9 /* Build configuration list for PBXNativeTarget "iDine" */;
			buildPhases = (
				7B91662E23627C5B0059F2B9 /* Sources */,
				7B91662F23627C5B0059F2B9 /* Frameworks */,
				7B91663023627C5B0059F2B9 /* Resources */,
			);
			buildRules = (
			);
			dependencies = (
			);
			name = iDine;
			productName = iDine;
			productReference = 7B91663223627C5B0059F2B9 /* iDine.app */;
			productType = "com.apple.product-type.application";
		};
/* End PBXNativeTarget section */

/* Begin PBXProject section */
		7B91662A23627C5B0059F2B9 /* Project object */ = {
			isa = PBXProject;
			attributes = {
				LastSwiftUpdateCheck = 1110;
				LastUpgradeCheck = 1110;
				ORGANIZATIONNAME = "Rob Fazio";
				TargetAttributes = {
					7B91663123627C5B0059F2B9 = {
						CreatedOnToolsVersion = 11.1;
					};
				};
			};
			buildConfigurationList = 7B91662D23627C5B0059F2B9 /* Build configuration list for PBXProject "iDine" */;
			compatibilityVersion = "Xcode 9.3";
			developmentRegion = en;
			hasScannedForEncodings = 0;
			knownRegions = (
				en,
				Base,
			);
			mainGroup = 7B91662923627C5B0059F2B9;
			productRefGroup = 7B91663323627C5B0059F2B9 /* Products */;
			projectDirPath = "";
			projectRoot = "";
			targets = (
				7B91663123627C5B0059F2B9 /* iDine */,
			);
		};
/* End PBXProject section */

/* Begin PBXResourcesBuildPhase section */
		7B91663023627C5B0059F2B9 /* Resources */ = {
			isa = PBXResourcesBuildPhase;
			buildActionMask = 2147483647;
			files = (
				7B91664223627C5D0059F2B9 /* LaunchScreen.storyboard in Resources */,
				7B91663F23627C5D0059F2B9 /* Preview Assets.xcassets in Resources */,
				7B91665223627D320059F2B9 /* menu.json in Resources */,
				7B91663C23627C5D0059F2B9 /* Assets.xcassets in Resources */,
			);
			runOnlyForDeploymentPostprocessing = 0;
		};
/* End PBXResourcesBuildPhase section */

/* Begin PBXSourcesBuildPhase section */
		7B91662E23627C5B0059F2B9 /* Sources */ = {
			isa = PBXSourcesBuildPhase;
			buildActionMask = 2147483647;
			files = (
				7B91665323627D320059F2B9 /* Order.swift in Sources */,
				7B91663623627C5B0059F2B9 /* AppDelegate.swift in Sources */,
				7B91663823627C5B0059F2B9 /* SceneDelegate.swift in Sources */,
				7B916655236285A60059F2B9 /* ItemRow.swift in Sources */,
				7B91663A23627C5B0059F2B9 /* ContentView.swift in Sources */,
				7B91665723628FFD0059F2B9 /* ItemDetail.swift in Sources */,
				7B91664D23627D060059F2B9 /* Helper.swift in Sources */,
				7B91665123627D320059F2B9 /* Menu.swift in Sources */,
			);
			runOnlyForDeploymentPostprocessing = 0;
		};
/* End PBXSourcesBuildPhase section */

/* Begin PBXVariantGroup section */
		7B91664023627C5D0059F2B9 /* LaunchScreen.storyboard */ = {
			isa = PBXVariantGroup;
			children = (
				7B91664123627C5D0059F2B9 /* Base */,
			);
			name = LaunchScreen.storyboard;
			sourceTree = "<group>";
		};
/* End PBXVariantGroup section */

/* Begin XCBuildConfiguration section */
		7B91664423627C5D0059F2B9 /* Debug */ = {
			isa = XCBuildConfiguration;
			buildSettings = {
				ALWAYS_SEARCH_USER_PATHS = NO;
				CLANG_ANALYZER_NONNULL = YES;
				CLANG_ANALYZER_NUMBER_OBJECT_CONVERSION = YES_AGGRESSIVE;
				CLANG_CXX_LANGUAGE_STANDARD = "gnu++14";
				CLANG_CXX_LIBRARY = "libc++";
				CLANG_ENABLE_MODULES = YES;
				CLANG_ENABLE_OBJC_ARC = YES;
				CLANG_ENABLE_OBJC_WEAK = YES;
				CLANG_WARN_BLOCK_CAPTURE_AUTORELEASING = YES;
				CLANG_WARN_BOOL_CONVERSION = YES;
				CLANG_WARN_COMMA = YES;
				CLANG_WARN_CONSTANT_CONVERSION = YES;
				CLANG_WARN_DEPRECATED_OBJC_IMPLEMENTATIONS = YES;
				CLANG_WARN_DIRECT_OBJC_ISA_USAGE = YES_ERROR;
				CLANG_WARN_DOCUMENTATION_COMMENTS = YES;
				CLANG_WARN_EMPTY_BODY = YES;
				CLANG_WARN_ENUM_CONVERSION = YES;
				CLANG_WARN_INFINITE_RECURSION = YES;
				CLANG_WARN_INT_CONVERSION = YES;
				CLANG_WARN_NON_LITERAL_NULL_CONVERSION = YES;
				CLANG_WARN_OBJC_IMPLICIT_RETAIN_SELF = YES;
				CLANG_WARN_OBJC_LITERAL_CONVERSION = YES;
				CLANG_WARN_OBJC_ROOT_CLASS = YES_ERROR;
				CLANG_WARN_RANGE_LOOP_ANALYSIS = YES;
				CLANG_WARN_STRICT_PROTOTYPES = YES;
				CLANG_WARN_SUSPICIOUS_MOVE = YES;
				CLANG_WARN_UNGUARDED_AVAILABILITY = YES_AGGRESSIVE;
				CLANG_WARN_UNREACHABLE_CODE = YES;
				CLANG_WARN__DUPLICATE_METHOD_MATCH = YES;
				COPY_PHASE_STRIP = NO;
				DEBUG_INFORMATION_FORMAT = dwarf;
				ENABLE_STRICT_OBJC_MSGSEND = YES;
				ENABLE_TESTABILITY = YES;
				GCC_C_LANGUAGE_STANDARD = gnu11;
				GCC_DYNAMIC_NO_PIC = NO;
				GCC_NO_COMMON_BLOCKS = YES;
				GCC_OPTIMIZATION_LEVEL = 0;
				GCC_PREPROCESSOR_DEFINITIONS = (
					"DEBUG=1",
					"$(inherited)",
				);
				GCC_WARN_64_TO_32_BIT_CONVERSION = YES;
				GCC_WARN_ABOUT_RETURN_TYPE = YES_ERROR;
				GCC_WARN_UNDECLARED_SELECTOR = YES;
				GCC_WARN_UNINITIALIZED_AUTOS = YES_AGGRESSIVE;
				GCC_WARN_UNUSED_FUNCTION = YES;
				GCC_WARN_UNUSED_VARIABLE = YES;
				IPHONEOS_DEPLOYMENT_TARGET = 13.1;
				MTL_ENABLE_DEBUG_INFO = INCLUDE_SOURCE;
				MTL_FAST_MATH = YES;
				ONLY_ACTIVE_ARCH = YES;
				SDKROOT = iphoneos;
				SWIFT_ACTIVE_COMPILATION_CONDITIONS = DEBUG;
				SWIFT_OPTIMIZATION_LEVEL = "-Onone";
			};
			name = Debug;
		};
		7B91664523627C5D0059F2B9 /* Release */ = {
			isa = XCBuildConfiguration;
			buildSettings = {
				ALWAYS_SEARCH_USER_PATHS = NO;
				CLANG_ANALYZER_NONNULL = YES;
				CLANG_ANALYZER_NUMBER_OBJECT_CONVERSION = YES_AGGRESSIVE;
				CLANG_CXX_LANGUAGE_STANDARD = "gnu++14";
				CLANG_CXX_LIBRARY = "libc++";
				CLANG_ENABLE_MODULES = YES;
				CLANG_ENABLE_OBJC_ARC = YES;
				CLANG_ENABLE_OBJC_WEAK = YES;
				CLANG_WARN_BLOCK_CAPTURE_AUTORELEASING = YES;
				CLANG_WARN_BOOL_CONVERSION = YES;
				CLANG_WARN_COMMA = YES;
				CLANG_WARN_CONSTANT_CONVERSION = YES;
				CLANG_WARN_DEPRECATED_OBJC_IMPLEMENTATIONS = YES;
				CLANG_WARN_DIRECT_OBJC_ISA_USAGE = YES_ERROR;
				CLANG_WARN_DOCUMENTATION_COMMENTS = YES;
				CLANG_WARN_EMPTY_BODY = YES;
				CLANG_WARN_ENUM_CONVERSION = YES;
				CLANG_WARN_INFINITE_RECURSION = YES;
				CLANG_WARN_INT_CONVERSION = YES;
				CLANG_WARN_NON_LITERAL_NULL_CONVERSION = YES;
				CLANG_WARN_OBJC_IMPLICIT_RETAIN_SELF = YES;
				CLANG_WARN_OBJC_LITERAL_CONVERSION = YES;
				CLANG_WARN_OBJC_ROOT_CLASS = YES_ERROR;
				CLANG_WARN_RANGE_LOOP_ANALYSIS = YES;
				CLANG_WARN_STRICT_PROTOTYPES = YES;
				CLANG_WARN_SUSPICIOUS_MOVE = YES;
				CLANG_WARN_UNGUARDED_AVAILABILITY = YES_AGGRESSIVE;
				CLANG_WARN_UNREACHABLE_CODE = YES;
				CLANG_WARN__DUPLICATE_METHOD_MATCH = YES;
				COPY_PHASE_STRIP = NO;
				DEBUG_INFORMATION_FORMAT = "dwarf-with-dsym";
				ENABLE_NS_ASSERTIONS = NO;
				ENABLE_STRICT_OBJC_MSGSEND = YES;
				GCC_C_LANGUAGE_STANDARD = gnu11;
				GCC_NO_COMMON_BLOCKS = YES;
				GCC_WARN_64_TO_32_BIT_CONVERSION = YES;
				GCC_WARN_ABOUT_RETURN_TYPE = YES_ERROR;
				GCC_WARN_UNDECLARED_SELECTOR = YES;
				GCC_WARN_UNINITIALIZED_AUTOS = YES_AGGRESSIVE;
				GCC_WARN_UNUSED_FUNCTION = YES;
				GCC_WARN_UNUSED_VARIABLE = YES;
				IPHONEOS_DEPLOYMENT_TARGET = 13.1;
				MTL_ENABLE_DEBUG_INFO = NO;
				MTL_FAST_MATH = YES;
				SDKROOT = iphoneos;
				SWIFT_COMPILATION_MODE = wholemodule;
				SWIFT_OPTIMIZATION_LEVEL = "-O";
				VALIDATE_PRODUCT = YES;
			};
			name = Release;
		};
		7B91664723627C5D0059F2B9 /* Debug */ = {
			isa = XCBuildConfiguration;
			buildSettings = {
				ASSETCATALOG_COMPILER_APPICON_NAME = AppIcon;
				CODE_SIGN_STYLE = Automatic;
				DEVELOPMENT_ASSET_PATHS = "\"iDine/Preview Content\"";
				DEVELOPMENT_TEAM = 2B72ATW9JB;
				ENABLE_PREVIEWS = YES;
				INFOPLIST_FILE = iDine/Info.plist;
				LD_RUNPATH_SEARCH_PATHS = (
					"$(inherited)",
					"@executable_path/Frameworks",
				);
				PRODUCT_BUNDLE_IDENTIFIER = com.rob8861.iDine;
				PRODUCT_NAME = "$(TARGET_NAME)";
				SWIFT_VERSION = 5.0;
				TARGETED_DEVICE_FAMILY = "1,2";
			};
			name = Debug;
		};
		7B91664823627C5D0059F2B9 /* Release */ = {
			isa = XCBuildConfiguration;
			buildSettings = {
				ASSETCATALOG_COMPILER_APPICON_NAME = AppIcon;
				CODE_SIGN_STYLE = Automatic;
				DEVELOPMENT_ASSET_PATHS = "\"iDine/Preview Content\"";
				DEVELOPMENT_TEAM = 2B72ATW9JB;
				ENABLE_PREVIEWS = YES;
				INFOPLIST_FILE = iDine/Info.plist;
				LD_RUNPATH_SEARCH_PATHS = (
					"$(inherited)",
					"@executable_path/Frameworks",
				);
				PRODUCT_BUNDLE_IDENTIFIER = com.rob8861.iDine;
				PRODUCT_NAME = "$(TARGET_NAME)";
				SWIFT_VERSION = 5.0;
				TARGETED_DEVICE_FAMILY = "1,2";
			};
			name = Release;
		};
/* End XCBuildConfiguration section */

/* Begin XCConfigurationList section */
		7B91662D23627C5B0059F2B9 /* Build configuration list for PBXProject "iDine" */ = {
			isa = XCConfigurationList;
			buildConfigurations = (
				7B91664423627C5D0059F2B9 /* Debug */,
				7B91664523627C5D0059F2B9 /* Release */,
			);
			defaultConfigurationIsVisible = 0;
			defaultConfigurationName = Release;
		};
		7B91664623627C5D0059F2B9 /* Build configuration list for PBXNativeTarget "iDine" */ = {
			isa = XCConfigurationList;
			buildConfigurations = (
				7B91664723627C5D0059F2B9 /* Debug */,
				7B91664823627C5D0059F2B9 /* Release */,
			);
			defaultConfigurationIsVisible = 0;
			defaultConfigurationName = Release;
		};
/* End XCConfigurationList section */
	};
	rootObject = 7B91662A23627C5B0059F2B9 /* Project object */;
}
